Microsoft Visual Studio Solution File, Format Version 11.00
# Visual Studio 2008

Project("{747CF095-54D7-7FBE-F880-5397799571EA}") = "snake3D", "Assembly-CSharp.csproj", "{2E33039E-E078-0C3A-8181-98421D2F2952}"
EndProject
Global
	GlobalSection(SolutionConfigurationPlatforms) = preSolution
		Debug|Any CPU = Debug|Any CPU
		Release|Any CPU = Release|Any CPU
	EndGlobalSection
	GlobalSection(ProjectConfigurationPlatforms) = postSolution
		{2E33039E-E078-0C3A-8181-98421D2F2952}.Debug|Any CPU.ActiveCfg = Debug|Any CPU
		{2E33039E-E078-0C3A-8181-98421D2F2952}.Debug|Any CPU.Build.0 = Debug|Any CPU
		{2E33039E-E078-0C3A-8181-98421D2F2952}.Release|Any CPU.ActiveCfg = Release|Any CPU
		{2E33039E-E078-0C3A-8181-98421D2F2952}.Release|Any CPU.Build.0 = Release|Any CPU
	EndGlobalSection
	GlobalSection(SolutionProperties) = preSolution
		HideSolutionNode = FALSE
	EndGlobalSection
	GlobalSection(MonoDevelopProperties) = preSolution
		StartupItem = Assembly-CSharp.csproj
	EndGlobalSection
EndGlobal
